
Microsoft Visual Studio Solution File, Format Version 12.00
# Visual Studio Version 17
VisualStudioVersion = 17.8.34322.80
MinimumVisualStudioVersion = 10.0.40219.1
Project("{FAE04EC0-301F-11D3-BF4B-00C04F79EFBC}") = "lab15-library-management-system", "lab15-library-management-system.csproj", "{FF740A06-7984-42FF-A12D-0D96A30BFF89}"
EndProject
Global
	GlobalSection(SolutionConfigurationPlatforms) = preSolution
		Debug|Any CPU = Debug|Any CPU
		Release|Any CPU = Release|Any CPU
	EndGlobalSection
	GlobalSection(ProjectConfigurationPlatforms) = postSolution
		{FF740A06-7984-42FF-A12D-0D96A30BFF89}.Debug|Any CPU.ActiveCfg = Debug|Any CPU
		{FF740A06-7984-42FF-A12D-0D96A30BFF89}.Debug|Any CPU.Build.0 = Debug|Any CPU
		{FF740A06-7984-42FF-A12D-0D96A30BFF89}.Release|Any CPU.ActiveCfg = Release|Any CPU
		{FF740A06-7984-42FF-A12D-0D96A30BFF89}.Release|Any CPU.Build.0 = Release|Any CPU
	EndGlobalSection
	GlobalSection(SolutionProperties) = preSolution
		HideSolutionNode = FALSE
	EndGlobalSection
	GlobalSection(ExtensibilityGlobals) = postSolution
		SolutionGuid = {78E73363-1E50-45D0-85B9-E9E22D18CEC6}
	EndGlobalSection
EndGlobal
